// !$*UTF8*$!
{
	archiveVersion = 1;
	classes = {
	};
	objectVersion = 50;
	objects = {

/* Begin PBXBuildFile section */
		24A03FEC223678A200C933DC /* AppDelegate.swift in Sources */ = {isa = PBXBuildFile; fileRef = 24A03FEB223678A200C933DC /* AppDelegate.swift */; };
		24A03FEE223678A200C933DC /* ViewController.swift in Sources */ = {isa = PBXBuildFile; fileRef = 24A03FED223678A200C933DC /* ViewController.swift */; };
		24A03FF1223678A200C933DC /* Main.storyboard in Resources */ = {isa = PBXBuildFile; fileRef = 24A03FEF223678A200C933DC /* Main.storyboard */; };
		24A03FF3223678A600C933DC /* Assets.xcassets in Resources */ = {isa = PBXBuildFile; fileRef = 24A03FF2223678A600C933DC /* Assets.xcassets */; };
		24A03FF6223678A600C933DC /* LaunchScreen.storyboard in Resources */ = {isa = PBXBuildFile; fileRef = 24A03FF4223678A600C933DC /* LaunchScreen.storyboard */; };
		24A04001223678A700C933DC /* realmstudyTests.swift in Sources */ = {isa = PBXBuildFile; fileRef = 24A04000223678A700C933DC /* realmstudyTests.swift */; };
		24A0400C223678A700C933DC /* realmstudyUITests.swift in Sources */ = {isa = PBXBuildFile; fileRef = 24A0400B223678A700C933DC /* realmstudyUITests.swift */; };
/* End PBXBuildFile section */

/* Begin PBXContainerItemProxy section */
		24A03FFD223678A700C933DC /* PBXContainerItemProxy */ = {
			isa = PBXContainerItemProxy;
			containerPortal = 24A03FE0223678A200C933DC /* Project object */;
			proxyType = 1;
			remoteGlobalIDString = 24A03FE7223678A200C933DC;
			remoteInfo = realmstudy;
		};
		24A04008223678A700C933DC /* PBXContainerItemProxy */ = {
			isa = PBXContainerItemProxy;
			containerPortal = 24A03FE0223678A200C933DC /* Project object */;
			proxyType = 1;
			remoteGlobalIDString = 24A03FE7223678A200C933DC;
			remoteInfo = realmstudy;
		};
/* End PBXContainerItemProxy section */

/* Begin PBXFileReference section */
		24A03FE8223678A200C933DC /* realmstudy.app */ = {isa = PBXFileReference; explicitFileType = wrapper.application; includeInIndex = 0; path = realmstudy.app; sourceTree = BUILT_PRODUCTS_DIR; };
		24A03FEB223678A200C933DC /* AppDelegate.swift */ = {isa = PBXFileReference; lastKnownFileType = sourcecode.swift; path = AppDelegate.swift; sourceTree = "<group>"; };
		24A03FED223678A200C933DC /* ViewController.swift */ = {isa = PBXFileReference; lastKnownFileType = sourcecode.swift; path = ViewController.swift; sourceTree = "<group>"; };
		24A03FF0223678A200C933DC /* Base */ = {isa = PBXFileReference; lastKnownFileType = file.storyboard; name = Base; path = Base.lproj/Main.storyboard; sourceTree = "<group>"; };
		24A03FF2223678A600C933DC /* Assets.xcassets */ = {isa = PBXFileReference; lastKnownFileType = folder.assetcatalog; path = Assets.xcassets; sourceTree = "<group>"; };
		24A03FF5223678A600C933DC /* Base */ = {isa = PBXFileReference; lastKnownFileType = file.storyboard; name = Base; path = Base.lproj/LaunchScreen.storyboard; sourceTree = "<group>"; };
		24A03FF7223678A600C933DC /* Info.plist */ = {isa = PBXFileReference; lastKnownFileType = text.plist.xml; path = Info.plist; sourceTree = "<group>"; };
		24A03FFC223678A700C933DC /* realmstudyTests.xctest */ = {isa = PBXFileReference; explicitFileType = wrapper.cfbundle; includeInIndex = 0; path = realmstudyTests.xctest; sourceTree = BUILT_PRODUCTS_DIR; };
		24A04000223678A700C933DC /* realmstudyTests.swift */ = {isa = PBXFileReference; lastKnownFileType = sourcecode.swift; path = realmstudyTests.swift; sourceTree = "<group>"; };
		24A04002223678A700C933DC /* Info.plist */ = {isa = PBXFileReference; lastKnownFileType = text.plist.xml; path = Info.plist; sourceTree = "<group>"; };
		24A04007223678A700C933DC /* realmstudyUITests.xctest */ = {isa = PBXFileReference; explicitFileType = wrapper.cfbundle; includeInIndex = 0; path = realmstudyUITests.xctest; sourceTree = BUILT_PRODUCTS_DIR; };
		24A0400B223678A700C933DC /* realmstudyUITests.swift */ = {isa = PBXFileReference; lastKnownFileType = sourcecode.swift; path = realmstudyUITests.swift; sourceTree = "<group>"; };
		24A0400D223678A700C933DC /* Info.plist */ = {isa = PBXFileReference; lastKnownFileType = text.plist.xml; path = Info.plist; sourceTree = "<group>"; };
/* End PBXFileReference section */

/* Begin PBXFrameworksBuildPhase section */
		24A03FE5223678A200C933DC /* Frameworks */ = {
			isa = PBXFrameworksBuildPhase;
			buildActionMask = 2147483647;
			files = (
			);
			runOnlyForDeploymentPostprocessing = 0;
		};
		24A03FF9223678A700C933DC /* Frameworks */ = {
			isa = PBXFrameworksBuildPhase;
			buildActionMask = 2147483647;
			files = (
			);
			runOnlyForDeploymentPostprocessing = 0;
		};
		24A04004223678A700C933DC /* Frameworks */ = {
			isa = PBXFrameworksBuildPhase;
			buildActionMask = 2147483647;
			files = (
			);
			runOnlyForDeploymentPostprocessing = 0;
		};
/* End PBXFrameworksBuildPhase section */

/* Begin PBXGroup section */
		24A03FDF223678A200C933DC = {
			isa = PBXGroup;
			children = (
				24A03FEA223678A200C933DC /* realmstudy */,
				24A03FFF223678A700C933DC /* realmstudyTests */,
				24A0400A223678A700C933DC /* realmstudyUITests */,
				24A03FE9223678A200C933DC /* Products */,
			);
			sourceTree = "<group>";
		};
		24A03FE9223678A200C933DC /* Products */ = {
			isa = PBXGroup;
			children = (
				24A03FE8223678A200C933DC /* realmstudy.app */,
				24A03FFC223678A700C933DC /* realmstudyTests.xctest */,
				24A04007223678A700C933DC /* realmstudyUITests.xctest */,
			);
			name = Products;
			sourceTree = "<group>";
		};
		24A03FEA223678A200C933DC /* realmstudy */ = {
			isa = PBXGroup;
			children = (
				24A03FEB223678A200C933DC /* AppDelegate.swift */,
				24A03FED223678A200C933DC /* ViewController.swift */,
				24A03FEF223678A200C933DC /* Main.storyboard */,
				24A03FF2223678A600C933DC /* Assets.xcassets */,
				24A03FF4223678A600C933DC /* LaunchScreen.storyboard */,
				24A03FF7223678A600C933DC /* Info.plist */,
			);
			path = realmstudy;
			sourceTree = "<group>";
		};
		24A03FFF223678A700C933DC /* realmstudyTests */ = {
			isa = PBXGroup;
			children = (
				24A04000223678A700C933DC /* realmstudyTests.swift */,
				24A04002223678A700C933DC /* Info.plist */,
			);
			path = realmstudyTests;
			sourceTree = "<group>";
		};
		24A0400A223678A700C933DC /* realmstudyUITests */ = {
			isa = PBXGroup;
			children = (
				24A0400B223678A700C933DC /* realmstudyUITests.swift */,
				24A0400D223678A700C933DC /* Info.plist */,
			);
			path = realmstudyUITests;
			sourceTree = "<group>";
		};
/* End PBXGroup section */

/* Begin PBXNativeTarget section */
		24A03FE7223678A200C933DC /* realmstudy */ = {
			isa = PBXNativeTarget;
			buildConfigurationList = 24A04010223678A700C933DC /* Build configuration list for PBXNativeTarget "realmstudy" */;
			buildPhases = (
				24A03FE4223678A200C933DC /* Sources */,
				24A03FE5223678A200C933DC /* Frameworks */,
				24A03FE6223678A200C933DC /* Resources */,
			);
			buildRules = (
			);
			dependencies = (
			);
			name = realmstudy;
			productName = realmstudy;
			productReference = 24A03FE8223678A200C933DC /* realmstudy.app */;
			productType = "com.apple.product-type.application";
		};
		24A03FFB223678A700C933DC /* realmstudyTests */ = {
			isa = PBXNativeTarget;
			buildConfigurationList = 24A04013223678A700C933DC /* Build configuration list for PBXNativeTarget "realmstudyTests" */;
			buildPhases = (
				24A03FF8223678A700C933DC /* Sources */,
				24A03FF9223678A700C933DC /* Frameworks */,
				24A03FFA223678A700C933DC /* Resources */,
			);
			buildRules = (
			);
			dependencies = (
				24A03FFE223678A700C933DC /* PBXTargetDependency */,
			);
			name = realmstudyTests;
			productName = realmstudyTests;
			productReference = 24A03FFC223678A700C933DC /* realmstudyTests.xctest */;
			productType = "com.apple.product-type.bundle.unit-test";
		};
		24A04006223678A700C933DC /* realmstudyUITests */ = {
			isa = PBXNativeTarget;
			buildConfigurationList = 24A04016223678A700C933DC /* Build configuration list for PBXNativeTarget "realmstudyUITests" */;
			buildPhases = (
				24A04003223678A700C933DC /* Sources */,
				24A04004223678A700C933DC /* Frameworks */,
				24A04005223678A700C933DC /* Resources */,
			);
			buildRules = (
			);
			dependencies = (
				24A04009223678A700C933DC /* PBXTargetDependency */,
			);
			name = realmstudyUITests;
			productName = realmstudyUITests;
			productReference = 24A04007223678A700C933DC /* realmstudyUITests.xctest */;
			productType = "com.apple.product-type.bundle.ui-testing";
		};
/* End PBXNativeTarget section */

/* Begin PBXProject section */
		24A03FE0223678A200C933DC /* Project object */ = {
			isa = PBXProject;
			attributes = {
				LastSwiftUpdateCheck = 1010;
				LastUpgradeCheck = 1010;
				ORGANIZATIONNAME = shiroma_daisuke;
				TargetAttributes = {
					24A03FE7223678A200C933DC = {
						CreatedOnToolsVersion = 10.1;
					};
					24A03FFB223678A700C933DC = {
						CreatedOnToolsVersion = 10.1;
						TestTargetID = 24A03FE7223678A200C933DC;
					};
					24A04006223678A700C933DC = {
						CreatedOnToolsVersion = 10.1;
						TestTargetID = 24A03FE7223678A200C933DC;
					};
				};
			};
			buildConfigurationList = 24A03FE3223678A200C933DC /* Build configuration list for PBXProject "realmstudy" */;
			compatibilityVersion = "Xcode 9.3";
			developmentRegion = en;
			hasScannedForEncodings = 0;
			knownRegions = (
				en,
				Base,
			);
			mainGroup = 24A03FDF223678A200C933DC;
			productRefGroup = 24A03FE9223678A200C933DC /* Products */;
			projectDirPath = "";
			projectRoot = "";
			targets = (
				24A03FE7223678A200C933DC /* realmstudy */,
				24A03FFB223678A700C933DC /* realmstudyTests */,
				24A04006223678A700C933DC /* realmstudyUITests */,
			);
		};
/* End PBXProject section */

/* Begin PBXResourcesBuildPhase section */
		24A03FE6223678A200C933DC /* Resources */ = {
			isa = PBXResourcesBuildPhase;
			buildActionMask = 2147483647;
			files = (
				24A03FF6223678A600C933DC /* LaunchScreen.storyboard in Resources */,
				24A03FF3223678A600C933DC /* Assets.xcassets in Resources */,
				24A03FF1223678A200C933DC /* Main.storyboard in Resources */,
			);
			runOnlyForDeploymentPostprocessing = 0;
		};
		24A03FFA223678A700C933DC /* Resources */ = {
			isa = PBXResourcesBuildPhase;
			buildActionMask = 2147483647;
			files = (
			);
			runOnlyForDeploymentPostprocessing = 0;
		};
		24A04005223678A700C933DC /* Resources */ = {
			isa = PBXResourcesBuildPhase;
			buildActionMask = 2147483647;
			files = (
			);
			runOnlyForDeploymentPostprocessing = 0;
		};
/* End PBXResourcesBuildPhase section */

/* Begin PBXSourcesBuildPhase section */
		24A03FE4223678A200C933DC /* Sources */ = {
			isa = PBXSourcesBuildPhase;
			buildActionMask = 2147483647;
			files = (
				24A03FEE223678A200C933DC /* ViewController.swift in Sources */,
				24A03FEC223678A200C933DC /* AppDelegate.swift in Sources */,
			);
			runOnlyForDeploymentPostprocessing = 0;
		};
		24A03FF8223678A700C933DC /* Sources */ = {
			isa = PBXSourcesBuildPhase;
			buildActionMask = 2147483647;
			files = (
				24A04001223678A700C933DC /* realmstudyTests.swift in Sources */,
			);
			runOnlyForDeploymentPostprocessing = 0;
		};
		24A04003223678A700C933DC /* Sources */ = {
			isa = PBXSourcesBuildPhase;
			buildActionMask = 2147483647;
			files = (
				24A0400C223678A700C933DC /* realmstudyUITests.swift in Sources */,
			);
			runOnlyForDeploymentPostprocessing = 0;
		};
/* End PBXSourcesBuildPhase section */

/* Begin PBXTargetDependency section */
		24A03FFE223678A700C933DC /* PBXTargetDependency */ = {
			isa = PBXTargetDependency;
			target = 24A03FE7223678A200C933DC /* realmstudy */;
			targetProxy = 24A03FFD223678A700C933DC /* PBXContainerItemProxy */;
		};
		24A04009223678A700C933DC /* PBXTargetDependency */ = {
			isa = PBXTargetDependency;
			target = 24A03FE7223678A200C933DC /* realmstudy */;
			targetProxy = 24A04008223678A700C933DC /* PBXContainerItemProxy */;
		};
/* End PBXTargetDependency section */

/* Begin PBXVariantGroup section */
		24A03FEF223678A200C933DC /* Main.storyboard */ = {
			isa = PBXVariantGroup;
			children = (
				24A03FF0223678A200C933DC /* Base */,
			);
			name = Main.storyboard;
			sourceTree = "<group>";
		};
		24A03FF4223678A600C933DC /* LaunchScreen.storyboard */ = {
			isa = PBXVariantGroup;
			children = (
				24A03FF5223678A600C933DC /* Base */,
			);
			name = LaunchScreen.storyboard;
			sourceTree = "<group>";
		};
/* End PBXVariantGroup section */

/* Begin XCBuildConfiguration section */
		24A0400E223678A700C933DC /* Debug */ = {
			isa = XCBuildConfiguration;
			buildSettings = {
				ALWAYS_SEARCH_USER_PATHS = NO;
				CLANG_ANALYZER_NONNULL = YES;
				CLANG_ANALYZER_NUMBER_OBJECT_CONVERSION = YES_AGGRESSIVE;
				CLANG_CXX_LANGUAGE_STANDARD = "gnu++14";
				CLANG_CXX_LIBRARY = "libc++";
				CLANG_ENABLE_MODULES = YES;
				CLANG_ENABLE_OBJC_ARC = YES;
				CLANG_ENABLE_OBJC_WEAK = YES;
				CLANG_WARN_BLOCK_CAPTURE_AUTORELEASING = YES;
				CLANG_WARN_BOOL_CONVERSION = YES;
				CLANG_WARN_COMMA = YES;
				CLANG_WARN_CONSTANT_CONVERSION = YES;
				CLANG_WARN_DEPRECATED_OBJC_IMPLEMENTATIONS = YES;
				CLANG_WARN_DIRECT_OBJC_ISA_USAGE = YES_ERROR;
				CLANG_WARN_DOCUMENTATION_COMMENTS = YES;
				CLANG_WARN_EMPTY_BODY = YES;
				CLANG_WARN_ENUM_CONVERSION = YES;
				CLANG_WARN_INFINITE_RECURSION = YES;
				CLANG_WARN_INT_CONVERSION = YES;
				CLANG_WARN_NON_LITERAL_NULL_CONVERSION = YES;
				CLANG_WARN_OBJC_IMPLICIT_RETAIN_SELF = YES;
				CLANG_WARN_OBJC_LITERAL_CONVERSION = YES;
				CLANG_WARN_OBJC_ROOT_CLASS = YES_ERROR;
				CLANG_WARN_RANGE_LOOP_ANALYSIS = YES;
				CLANG_WARN_STRICT_PROTOTYPES = YES;
				CLANG_WARN_SUSPICIOUS_MOVE = YES;
				CLANG_WARN_UNGUARDED_AVAILABILITY = YES_AGGRESSIVE;
				CLANG_WARN_UNREACHABLE_CODE = YES;
				CLANG_WARN__DUPLICATE_METHOD_MATCH = YES;
				CODE_SIGN_IDENTITY = "iPhone Developer";
				COPY_PHASE_STRIP = NO;
				DEBUG_INFORMATION_FORMAT = dwarf;
				ENABLE_STRICT_OBJC_MSGSEND = YES;
				ENABLE_TESTABILITY = YES;
				GCC_C_LANGUAGE_STANDARD = gnu11;
				GCC_DYNAMIC_NO_PIC = NO;
				GCC_NO_COMMON_BLOCKS = YES;
				GCC_OPTIMIZATION_LEVEL = 0;
				GCC_PREPROCESSOR_DEFINITIONS = (
					"DEBUG=1",
					"$(inherited)",
				);
				GCC_WARN_64_TO_32_BIT_CONVERSION = YES;
				GCC_WARN_ABOUT_RETURN_TYPE = YES_ERROR;
				GCC_WARN_UNDECLARED_SELECTOR = YES;
				GCC_WARN_UNINITIALIZED_AUTOS = YES_AGGRESSIVE;
				GCC_WARN_UNUSED_FUNCTION = YES;
				GCC_WARN_UNUSED_VARIABLE = YES;
				IPHONEOS_DEPLOYMENT_TARGET = 12.1;
				MTL_ENABLE_DEBUG_INFO = INCLUDE_SOURCE;
				MTL_FAST_MATH = YES;
				ONLY_ACTIVE_ARCH = YES;
				SDKROOT = iphoneos;
				SWIFT_ACTIVE_COMPILATION_CONDITIONS = DEBUG;
				SWIFT_OPTIMIZATION_LEVEL = "-Onone";
			};
			name = Debug;
		};
		24A0400F223678A700C933DC /* Release */ = {
			isa = XCBuildConfiguration;
			buildSettings = {
				ALWAYS_SEARCH_USER_PATHS = NO;
				CLANG_ANALYZER_NONNULL = YES;
				CLANG_ANALYZER_NUMBER_OBJECT_CONVERSION = YES_AGGRESSIVE;
				CLANG_CXX_LANGUAGE_STANDARD = "gnu++14";
				CLANG_CXX_LIBRARY = "libc++";
				CLANG_ENABLE_MODULES = YES;
				CLANG_ENABLE_OBJC_ARC = YES;
				CLANG_ENABLE_OBJC_WEAK = YES;
				CLANG_WARN_BLOCK_CAPTURE_AUTORELEASING = YES;
				CLANG_WARN_BOOL_CONVERSION = YES;
				CLANG_WARN_COMMA = YES;
				CLANG_WARN_CONSTANT_CONVERSION = YES;
				CLANG_WARN_DEPRECATED_OBJC_IMPLEMENTATIONS = YES;
				CLANG_WARN_DIRECT_OBJC_ISA_USAGE = YES_ERROR;
				CLANG_WARN_DOCUMENTATION_COMMENTS = YES;
				CLANG_WARN_EMPTY_BODY = YES;
				CLANG_WARN_ENUM_CONVERSION = YES;
				CLANG_WARN_INFINITE_RECURSION = YES;
				CLANG_WARN_INT_CONVERSION = YES;
				CLANG_WARN_NON_LITERAL_NULL_CONVERSION = YES;
				CLANG_WARN_OBJC_IMPLICIT_RETAIN_SELF = YES;
				CLANG_WARN_OBJC_LITERAL_CONVERSION = YES;
				CLANG_WARN_OBJC_ROOT_CLASS = YES_ERROR;
				CLANG_WARN_RANGE_LOOP_ANALYSIS = YES;
				CLANG_WARN_STRICT_PROTOTYPES = YES;
				CLANG_WARN_SUSPICIOUS_MOVE = YES;
				CLANG_WARN_UNGUARDED_AVAILABILITY = YES_AGGRESSIVE;
				CLANG_WARN_UNREACHABLE_CODE = YES;
				CLANG_WARN__DUPLICATE_METHOD_MATCH = YES;
				CODE_SIGN_IDENTITY = "iPhone Developer";
				COPY_PHASE_STRIP = NO;
				DEBUG_INFORMATION_FORMAT = "dwarf-with-dsym";
				ENABLE_NS_ASSERTIONS = NO;
				ENABLE_STRICT_OBJC_MSGSEND = YES;
				GCC_C_LANGUAGE_STANDARD = gnu11;
				GCC_NO_COMMON_BLOCKS = YES;
				GCC_WARN_64_TO_32_BIT_CONVERSION = YES;
				GCC_WARN_ABOUT_RETURN_TYPE = YES_ERROR;
				GCC_WARN_UNDECLARED_SELECTOR = YES;
				GCC_WARN_UNINITIALIZED_AUTOS = YES_AGGRESSIVE;
				GCC_WARN_UNUSED_FUNCTION = YES;
				GCC_WARN_UNUSED_VARIABLE = YES;
				IPHONEOS_DEPLOYMENT_TARGET = 12.1;
				MTL_ENABLE_DEBUG_INFO = NO;
				MTL_FAST_MATH = YES;
				SDKROOT = iphoneos;
				SWIFT_COMPILATION_MODE = wholemodule;
				SWIFT_OPTIMIZATION_LEVEL = "-O";
				VALIDATE_PRODUCT = YES;
			};
			name = Release;
		};
		24A04011223678A700C933DC /* Debug */ = {
			isa = XCBuildConfiguration;
			buildSettings = {
				ASSETCATALOG_COMPILER_APPICON_NAME = AppIcon;
				CODE_SIGN_STYLE = Automatic;
				DEVELOPMENT_TEAM = 6SL8ZQ8F72;
				INFOPLIST_FILE = realmstudy/Info.plist;
				LD_RUNPATH_SEARCH_PATHS = (
					"$(inherited)",
					"@executable_path/Frameworks",
				);
				PRODUCT_BUNDLE_IDENTIFIER = shiroma.realmstudy;
				PRODUCT_NAME = "$(TARGET_NAME)";
				SWIFT_VERSION = 4.2;
				TARGETED_DEVICE_FAMILY = "1,2";
			};
			name = Debug;
		};
		24A04012223678A700C933DC /* Release */ = {
			isa = XCBuildConfiguration;
			buildSettings = {
				ASSETCATALOG_COMPILER_APPICON_NAME = AppIcon;
				CODE_SIGN_STYLE = Automatic;
				DEVELOPMENT_TEAM = 6SL8ZQ8F72;
				INFOPLIST_FILE = realmstudy/Info.plist;
				LD_RUNPATH_SEARCH_PATHS = (
					"$(inherited)",
					"@executable_path/Frameworks",
				);
				PRODUCT_BUNDLE_IDENTIFIER = shiroma.realmstudy;
				PRODUCT_NAME = "$(TARGET_NAME)";
				SWIFT_VERSION = 4.2;
				TARGETED_DEVICE_FAMILY = "1,2";
			};
			name = Release;
		};
		24A04014223678A700C933DC /* Debug */ = {
			isa = XCBuildConfiguration;
			buildSettings = {
				ALWAYS_EMBED_SWIFT_STANDARD_LIBRARIES = YES;
				BUNDLE_LOADER = "$(TEST_HOST)";
				CODE_SIGN_STYLE = Automatic;
				DEVELOPMENT_TEAM = 6SL8ZQ8F72;
				INFOPLIST_FILE = realmstudyTests/Info.plist;
				LD_RUNPATH_SEARCH_PATHS = (
					"$(inherited)",
					"@executable_path/Frameworks",
					"@loader_path/Frameworks",
				);
				PRODUCT_BUNDLE_IDENTIFIER = shiroma.realmstudyTests;
				PRODUCT_NAME = "$(TARGET_NAME)";
				SWIFT_VERSION = 4.2;
				TARGETED_DEVICE_FAMILY = "1,2";
				TEST_HOST = "$(BUILT_PRODUCTS_DIR)/realmstudy.app/realmstudy";
			};
			name = Debug;
		};
		24A04015223678A700C933DC /* Release */ = {
			isa = XCBuildConfiguration;
			buildSettings = {
				ALWAYS_EMBED_SWIFT_STANDARD_LIBRARIES = YES;
				BUNDLE_LOADER = "$(TEST_HOST)";
				CODE_SIGN_STYLE = Automatic;
				DEVELOPMENT_TEAM = 6SL8ZQ8F72;
				INFOPLIST_FILE = realmstudyTests/Info.plist;
				LD_RUNPATH_SEARCH_PATHS = (
					"$(inherited)",
					"@executable_path/Frameworks",
					"@loader_path/Frameworks",
				);
				PRODUCT_BUNDLE_IDENTIFIER = shiroma.realmstudyTests;
				PRODUCT_NAME = "$(TARGET_NAME)";
				SWIFT_VERSION = 4.2;
				TARGETED_DEVICE_FAMILY = "1,2";
				TEST_HOST = "$(BUILT_PRODUCTS_DIR)/realmstudy.app/realmstudy";
			};
			name = Release;
		};
		24A04017223678A700C933DC /* Debug */ = {
			isa = XCBuildConfiguration;
			buildSettings = {
				ALWAYS_EMBED_SWIFT_STANDARD_LIBRARIES = YES;
				CODE_SIGN_STYLE = Automatic;
				DEVELOPMENT_TEAM = 6SL8ZQ8F72;
				INFOPLIST_FILE = realmstudyUITests/Info.plist;
				LD_RUNPATH_SEARCH_PATHS = (
					"$(inherited)",
					"@executable_path/Frameworks",
					"@loader_path/Frameworks",
				);
				PRODUCT_BUNDLE_IDENTIFIER = shiroma.realmstudyUITests;
				PRODUCT_NAME = "$(TARGET_NAME)";
				SWIFT_VERSION = 4.2;
				TARGETED_DEVICE_FAMILY = "1,2";
				TEST_TARGET_NAME = realmstudy;
			};
			name = Debug;
		};
		24A04018223678A700C933DC /* Release */ = {
			isa = XCBuildConfiguration;
			buildSettings = {
				ALWAYS_EMBED_SWIFT_STANDARD_LIBRARIES = YES;
				CODE_SIGN_STYLE = Automatic;
				DEVELOPMENT_TEAM = 6SL8ZQ8F72;
				INFOPLIST_FILE = realmstudyUITests/Info.plist;
				LD_RUNPATH_SEARCH_PATHS = (
					"$(inherited)",
					"@executable_path/Frameworks",
					"@loader_path/Frameworks",
				);
				PRODUCT_BUNDLE_IDENTIFIER = shiroma.realmstudyUITests;
				PRODUCT_NAME = "$(TARGET_NAME)";
				SWIFT_VERSION = 4.2;
				TARGETED_DEVICE_FAMILY = "1,2";
				TEST_TARGET_NAME = realmstudy;
			};
			name = Release;
		};
/* End XCBuildConfiguration section */

/* Begin XCConfigurationList section */
		24A03FE3223678A200C933DC /* Build configuration list for PBXProject "realmstudy" */ = {
			isa = XCConfigurationList;
			buildConfigurations = (
				24A0400E223678A700C933DC /* Debug */,
				24A0400F223678A700C933DC /* Release */,
			);
			defaultConfigurationIsVisible = 0;
			defaultConfigurationName = Release;
		};
		24A04010223678A700C933DC /* Build configuration list for PBXNativeTarget "realmstudy" */ = {
			isa = XCConfigurationList;
			buildConfigurations = (
				24A04011223678A700C933DC /* Debug */,
				24A04012223678A700C933DC /* Release */,
			);
			defaultConfigurationIsVisible = 0;
			defaultConfigurationName = Release;
		};
		24A04013223678A700C933DC /* Build configuration list for PBXNativeTarget "realmstudyTests" */ = {
			isa = XCConfigurationList;
			buildConfigurations = (
				24A04014223678A700C933DC /* Debug */,
				24A04015223678A700C933DC /* Release */,
			);
			defaultConfigurationIsVisible = 0;
			defaultConfigurationName = Release;
		};
		24A04016223678A700C933DC /* Build configuration list for PBXNativeTarget "realmstudyUITests" */ = {
			isa = XCConfigurationList;
			buildConfigurations = (
				24A04017223678A700C933DC /* Debug */,
				24A04018223678A700C933DC /* Release */,
			);
			defaultConfigurationIsVisible = 0;
			defaultConfigurationName = Release;
		};
/* End XCConfigurationList section */
	};
	rootObject = 24A03FE0223678A200C933DC /* Project object */;
}
